PODS:
  - ReactorKit (1.0.0):
    - RxSwift (>= 4.0.0)
  - RxCocoa (4.0.0):
    - RxSwift (~> 4.0)
  - RxOptional (3.2.0):
    - RxCocoa
    - RxSwift
  - RxSwift (4.0.0)
  - RxTest (4.0.0):
    - RxSwift (~> 4.0)
  - Swinject (2.1.1)
  - SwinjectAutoregistration (2.1.1):
    - Swinject (~> 2.1)
  - SwinjectStoryboard (1.1.2):
    - Swinject (~> 2.1)

DEPENDENCIES:
  - ReactorKit
  - RxCocoa
  - RxOptional
  - RxSwift
  - RxTest
  - Swinject
  - SwinjectAutoregistration
  - SwinjectStoryboard

SPEC CHECKSUMS:
  ReactorKit: 1b376c5d2551a1a6536f3e777a79f4bbaa1d36a6
  RxCocoa: d62846ca96495d862fa4c59ea7d87e5031d7340e
  RxOptional: d2d6a68064bc16b4801332c40663967f481b0234
  RxSwift: fd680d75283beb5e2559486f3c0ff852f0d35334
  RxTest: 0041e792cede35e53e4749f378d21482af0e9d12
  Swinject: afea49fd95f392b41171669f165842879c48fad6
  SwinjectAutoregistration: d06b56bd8f912b9fb9c59c15181342558a734b1b
  SwinjectStoryboard: 92e75763c3299cdf627bef98a5180dc894864336

PODFILE CHECKSUM: b1637b4f68e8080b4e4abbe67e288c94c4436c95

COCOAPODS: 1.3.1
