PODS:
  - ReactorKit (1.0.0):
    - RxSwift (>= 4.0.0)
  - RxCocoa (4.0.0):
    - RxSwift (~> 4.0)
  - RxOptional (3.2.0):
    - RxCocoa
    - RxSwift
  - RxSwift (4.0.0)
  - RxTest (4.0.0):
    - RxSwift (~> 4.0)

DEPENDENCIES:
  - ReactorKit
  - RxCocoa
  - RxOptional
  - RxSwift
  - RxTest

SPEC CHECKSUMS:
  ReactorKit: 1b376c5d2551a1a6536f3e777a79f4bbaa1d36a6
  RxCocoa: d62846ca96495d862fa4c59ea7d87e5031d7340e
  RxOptional: d2d6a68064bc16b4801332c40663967f481b0234
  RxSwift: fd680d75283beb5e2559486f3c0ff852f0d35334
  RxTest: 0041e792cede35e53e4749f378d21482af0e9d12

PODFILE CHECKSUM: 804844d81e5f4ed3a4daa0d2e748420b77c8cc09

COCOAPODS: 1.3.1
