// !$*UTF8*$!
{
	archiveVersion = 1;
	classes = {
	};
	objectVersion = 48;
	objects = {

/* Begin PBXBuildFile section */
		1050D725B090004D2EAB3D7D /* Pods_RxLocation_RxLocationTests.framework in Frameworks */ = {isa = PBXBuildFile; fileRef = B1D0CDE7CF08A552569B9FF6 /* Pods_RxLocation_RxLocationTests.framework */; };
		702C5237B325836459BB79A6 /* Pods_RxLocationTests.framework in Frameworks */ = {isa = PBXBuildFile; fileRef = DB44CB35553F979407E5EA91 /* Pods_RxLocationTests.framework */; };
		771553CE1FA9CF0900459045 /* main.swift in Sources */ = {isa = PBXBuildFile; fileRef = 771553CD1FA9CF0900459045 /* main.swift */; };
		771553D31FA9D22600459045 /* TrackingViewController.swift in Sources */ = {isa = PBXBuildFile; fileRef = 771553D21FA9D22600459045 /* TrackingViewController.swift */; };
		771553D51FA9D23A00459045 /* TrackingReactor.swift in Sources */ = {isa = PBXBuildFile; fileRef = 771553D41FA9D23A00459045 /* TrackingReactor.swift */; };
		771553D81FA9DB3800459045 /* Tracking.storyboard in Resources */ = {isa = PBXBuildFile; fileRef = 771553D71FA9DB3800459045 /* Tracking.storyboard */; };
		771982351FAA24A400C1165E /* CLLocationManager+Rx.swift in Sources */ = {isa = PBXBuildFile; fileRef = 771982331FAA24A400C1165E /* CLLocationManager+Rx.swift */; };
		771982361FAA24A400C1165E /* RxCLLocationManagerDelegateProxy.swift in Sources */ = {isa = PBXBuildFile; fileRef = 771982341FAA24A400C1165E /* RxCLLocationManagerDelegateProxy.swift */; };
		7719823B1FAB08BE00C1165E /* LocationService.swift in Sources */ = {isa = PBXBuildFile; fileRef = 771982391FAB08BE00C1165E /* LocationService.swift */; };
		7719823C1FAB08BE00C1165E /* LocationServiceProtocol.swift in Sources */ = {isa = PBXBuildFile; fileRef = 7719823A1FAB08BE00C1165E /* LocationServiceProtocol.swift */; };
		771982401FAB158100C1165E /* Initializer.swift in Sources */ = {isa = PBXBuildFile; fileRef = 7719823F1FAB158100C1165E /* Initializer.swift */; };
		771982421FAB159600C1165E /* LocationInitializer.swift in Sources */ = {isa = PBXBuildFile; fileRef = 771982411FAB159600C1165E /* LocationInitializer.swift */; };
		771982441FAB189B00C1165E /* UILabel+Rx.swift in Sources */ = {isa = PBXBuildFile; fileRef = 771982431FAB189B00C1165E /* UILabel+Rx.swift */; };
		772F65451FA9ABCF00657695 /* AppDelegate.swift in Sources */ = {isa = PBXBuildFile; fileRef = 772F65441FA9ABCF00657695 /* AppDelegate.swift */; };
		772F654C1FA9ABCF00657695 /* Assets.xcassets in Resources */ = {isa = PBXBuildFile; fileRef = 772F654B1FA9ABCF00657695 /* Assets.xcassets */; };
		772F654F1FA9ABCF00657695 /* LaunchScreen.storyboard in Resources */ = {isa = PBXBuildFile; fileRef = 772F654D1FA9ABCF00657695 /* LaunchScreen.storyboard */; };
		7780D59C1FACA7B7000CE951 /* TrackingAssembly.swift in Sources */ = {isa = PBXBuildFile; fileRef = 7780D59B1FACA7B7000CE951 /* TrackingAssembly.swift */; };
		7780D5A51FACB5CB000CE951 /* Injector.swift in Sources */ = {isa = PBXBuildFile; fileRef = 7780D5A21FACB5CB000CE951 /* Injector.swift */; };
		7780D5A61FACB5CB000CE951 /* ServiceAssembly.swift in Sources */ = {isa = PBXBuildFile; fileRef = 7780D5A31FACB5CB000CE951 /* ServiceAssembly.swift */; };
		7780D5A71FACB5CB000CE951 /* SwinjectStoryboardExtension.swift in Sources */ = {isa = PBXBuildFile; fileRef = 7780D5A41FACB5CB000CE951 /* SwinjectStoryboardExtension.swift */; };
		7780D5AC1FACC279000CE951 /* TrackingReactorTests.swift in Sources */ = {isa = PBXBuildFile; fileRef = 7780D5AB1FACC279000CE951 /* TrackingReactorTests.swift */; };
		7780D5AF1FACC3E4000CE951 /* MockLocationService.swift in Sources */ = {isa = PBXBuildFile; fileRef = 7780D5AE1FACC3E4000CE951 /* MockLocationService.swift */; };
		77AE8A3A1FA9FEFB00BB51B6 /* UIView+Rx.swift in Sources */ = {isa = PBXBuildFile; fileRef = 77AE8A391FA9FEFB00BB51B6 /* UIView+Rx.swift */; };
		77E0089B1FB4A94A00DF3571 /* TrackingViewControllerTests.swift in Sources */ = {isa = PBXBuildFile; fileRef = 77E0089A1FB4A94A00DF3571 /* TrackingViewControllerTests.swift */; };
		77EE6C1C1FB1B73300D80AFD /* MockTrackingService.swift in Sources */ = {isa = PBXBuildFile; fileRef = 77EE6C1B1FB1B73300D80AFD /* MockTrackingService.swift */; };
		77F38A111FB0AC6C00A4068A /* TrackingAlgorithm.swift in Sources */ = {isa = PBXBuildFile; fileRef = 77F38A101FB0AC6C00A4068A /* TrackingAlgorithm.swift */; };
		77F38A131FB0AD3700A4068A /* TrackingService.swift in Sources */ = {isa = PBXBuildFile; fileRef = 77F38A121FB0AD3700A4068A /* TrackingService.swift */; };
		77F38A171FB0AD8D00A4068A /* TrackingServiceTests.swift in Sources */ = {isa = PBXBuildFile; fileRef = 77F38A161FB0AD8D00A4068A /* TrackingServiceTests.swift */; };
		9230720BCBA5DEF3F6ABB05C /* Pods_RxLocation.framework in Frameworks */ = {isa = PBXBuildFile; fileRef = B1B4D32FDC90085DFA013961 /* Pods_RxLocation.framework */; };
/* End PBXBuildFile section */

/* Begin PBXContainerItemProxy section */
		772F65561FA9ABCF00657695 /* PBXContainerItemProxy */ = {
			isa = PBXContainerItemProxy;
			containerPortal = 772F65391FA9ABCF00657695 /* Project object */;
			proxyType = 1;
			remoteGlobalIDString = 772F65401FA9ABCF00657695;
			remoteInfo = RxLocation;
		};
/* End PBXContainerItemProxy section */

/* Begin PBXFileReference section */
		143751E752CE39C4760572E4 /* Pods-RxLocation-RxLocationTests.debug.xcconfig */ = {isa = PBXFileReference; includeInIndex = 1; lastKnownFileType = text.xcconfig; name = "Pods-RxLocation-RxLocationTests.debug.xcconfig"; path = "Pods/Target Support Files/Pods-RxLocation-RxLocationTests/Pods-RxLocation-RxLocationTests.debug.xcconfig"; sourceTree = "<group>"; };
		588FBA81307C28CE99132A47 /* Pods-RxLocation.release.xcconfig */ = {isa = PBXFileReference; includeInIndex = 1; lastKnownFileType = text.xcconfig; name = "Pods-RxLocation.release.xcconfig"; path = "Pods/Target Support Files/Pods-RxLocation/Pods-RxLocation.release.xcconfig"; sourceTree = "<group>"; };
		6B1DE4107B4AE3C93422E8A7 /* Pods-RxLocation-RxLocationTests.release.xcconfig */ = {isa = PBXFileReference; includeInIndex = 1; lastKnownFileType = text.xcconfig; name = "Pods-RxLocation-RxLocationTests.release.xcconfig"; path = "Pods/Target Support Files/Pods-RxLocation-RxLocationTests/Pods-RxLocation-RxLocationTests.release.xcconfig"; sourceTree = "<group>"; };
		771553CD1FA9CF0900459045 /* main.swift */ = {isa = PBXFileReference; lastKnownFileType = sourcecode.swift; path = main.swift; sourceTree = "<group>"; };
		771553D21FA9D22600459045 /* TrackingViewController.swift */ = {isa = PBXFileReference; lastKnownFileType = sourcecode.swift; path = TrackingViewController.swift; sourceTree = "<group>"; };
		771553D41FA9D23A00459045 /* TrackingReactor.swift */ = {isa = PBXFileReference; lastKnownFileType = sourcecode.swift; path = TrackingReactor.swift; sourceTree = "<group>"; };
		771553D71FA9DB3800459045 /* Tracking.storyboard */ = {isa = PBXFileReference; lastKnownFileType = file.storyboard; path = Tracking.storyboard; sourceTree = "<group>"; };
		771982331FAA24A400C1165E /* CLLocationManager+Rx.swift */ = {isa = PBXFileReference; fileEncoding = 4; lastKnownFileType = sourcecode.swift; path = "CLLocationManager+Rx.swift"; sourceTree = "<group>"; };
		771982341FAA24A400C1165E /* RxCLLocationManagerDelegateProxy.swift */ = {isa = PBXFileReference; fileEncoding = 4; lastKnownFileType = sourcecode.swift; path = RxCLLocationManagerDelegateProxy.swift; sourceTree = "<group>"; };
		771982391FAB08BE00C1165E /* LocationService.swift */ = {isa = PBXFileReference; fileEncoding = 4; lastKnownFileType = sourcecode.swift; path = LocationService.swift; sourceTree = "<group>"; };
		7719823A1FAB08BE00C1165E /* LocationServiceProtocol.swift */ = {isa = PBXFileReference; fileEncoding = 4; lastKnownFileType = sourcecode.swift; path = LocationServiceProtocol.swift; sourceTree = "<group>"; };
		7719823F1FAB158100C1165E /* Initializer.swift */ = {isa = PBXFileReference; lastKnownFileType = sourcecode.swift; path = Initializer.swift; sourceTree = "<group>"; };
		771982411FAB159600C1165E /* LocationInitializer.swift */ = {isa = PBXFileReference; lastKnownFileType = sourcecode.swift; path = LocationInitializer.swift; sourceTree = "<group>"; };
		771982431FAB189B00C1165E /* UILabel+Rx.swift */ = {isa = PBXFileReference; lastKnownFileType = sourcecode.swift; path = "UILabel+Rx.swift"; sourceTree = "<group>"; };
		772F65411FA9ABCF00657695 /* RxLocation.app */ = {isa = PBXFileReference; explicitFileType = wrapper.application; includeInIndex = 0; path = RxLocation.app; sourceTree = BUILT_PRODUCTS_DIR; };
		772F65441FA9ABCF00657695 /* AppDelegate.swift */ = {isa = PBXFileReference; lastKnownFileType = sourcecode.swift; path = AppDelegate.swift; sourceTree = "<group>"; };
		772F654B1FA9ABCF00657695 /* Assets.xcassets */ = {isa = PBXFileReference; lastKnownFileType = folder.assetcatalog; path = Assets.xcassets; sourceTree = "<group>"; };
		772F654E1FA9ABCF00657695 /* Base */ = {isa = PBXFileReference; lastKnownFileType = file.storyboard; name = Base; path = Base.lproj/LaunchScreen.storyboard; sourceTree = "<group>"; };
		772F65501FA9ABCF00657695 /* Info.plist */ = {isa = PBXFileReference; lastKnownFileType = text.plist.xml; path = Info.plist; sourceTree = "<group>"; };
		772F65551FA9ABCF00657695 /* RxLocationTests.xctest */ = {isa = PBXFileReference; explicitFileType = wrapper.cfbundle; includeInIndex = 0; path = RxLocationTests.xctest; sourceTree = BUILT_PRODUCTS_DIR; };
		772F655B1FA9ABCF00657695 /* Info.plist */ = {isa = PBXFileReference; lastKnownFileType = text.plist.xml; path = Info.plist; sourceTree = "<group>"; };
		7780D59B1FACA7B7000CE951 /* TrackingAssembly.swift */ = {isa = PBXFileReference; lastKnownFileType = sourcecode.swift; path = TrackingAssembly.swift; sourceTree = "<group>"; };
		7780D5A21FACB5CB000CE951 /* Injector.swift */ = {isa = PBXFileReference; fileEncoding = 4; lastKnownFileType = sourcecode.swift; path = Injector.swift; sourceTree = "<group>"; };
		7780D5A31FACB5CB000CE951 /* ServiceAssembly.swift */ = {isa = PBXFileReference; fileEncoding = 4; lastKnownFileType = sourcecode.swift; path = ServiceAssembly.swift; sourceTree = "<group>"; };
		7780D5A41FACB5CB000CE951 /* SwinjectStoryboardExtension.swift */ = {isa = PBXFileReference; fileEncoding = 4; lastKnownFileType = sourcecode.swift; path = SwinjectStoryboardExtension.swift; sourceTree = "<group>"; };
		7780D5AB1FACC279000CE951 /* TrackingReactorTests.swift */ = {isa = PBXFileReference; lastKnownFileType = sourcecode.swift; path = TrackingReactorTests.swift; sourceTree = "<group>"; };
		7780D5AE1FACC3E4000CE951 /* MockLocationService.swift */ = {isa = PBXFileReference; lastKnownFileType = sourcecode.swift; path = MockLocationService.swift; sourceTree = "<group>"; };
		77AE8A391FA9FEFB00BB51B6 /* UIView+Rx.swift */ = {isa = PBXFileReference; lastKnownFileType = sourcecode.swift; path = "UIView+Rx.swift"; sourceTree = "<group>"; };
		77E0089A1FB4A94A00DF3571 /* TrackingViewControllerTests.swift */ = {isa = PBXFileReference; fileEncoding = 4; lastKnownFileType = sourcecode.swift; name = TrackingViewControllerTests.swift; path = RxLocationTests/TrackingTests/TrackingViewControllerTests.swift; sourceTree = SOURCE_ROOT; };
		77EE6C1B1FB1B73300D80AFD /* MockTrackingService.swift */ = {isa = PBXFileReference; lastKnownFileType = sourcecode.swift; path = MockTrackingService.swift; sourceTree = "<group>"; };
		77F38A101FB0AC6C00A4068A /* TrackingAlgorithm.swift */ = {isa = PBXFileReference; lastKnownFileType = sourcecode.swift; path = TrackingAlgorithm.swift; sourceTree = "<group>"; };
		77F38A121FB0AD3700A4068A /* TrackingService.swift */ = {isa = PBXFileReference; lastKnownFileType = sourcecode.swift; path = TrackingService.swift; sourceTree = "<group>"; };
		77F38A161FB0AD8D00A4068A /* TrackingServiceTests.swift */ = {isa = PBXFileReference; lastKnownFileType = sourcecode.swift; path = TrackingServiceTests.swift; sourceTree = "<group>"; };
		B1B4D32FDC90085DFA013961 /* Pods_RxLocation.framework */ = {isa = PBXFileReference; explicitFileType = wrapper.framework; includeInIndex = 0; path = Pods_RxLocation.framework; sourceTree = BUILT_PRODUCTS_DIR; };
		B1D0CDE7CF08A552569B9FF6 /* Pods_RxLocation_RxLocationTests.framework */ = {isa = PBXFileReference; explicitFileType = wrapper.framework; includeInIndex = 0; path = Pods_RxLocation_RxLocationTests.framework; sourceTree = BUILT_PRODUCTS_DIR; };
		C11B282D8B4725173774F364 /* Pods-RxLocation.debug.xcconfig */ = {isa = PBXFileReference; includeInIndex = 1; lastKnownFileType = text.xcconfig; name = "Pods-RxLocation.debug.xcconfig"; path = "Pods/Target Support Files/Pods-RxLocation/Pods-RxLocation.debug.xcconfig"; sourceTree = "<group>"; };
		D823921A97528A74FB53D76F /* Pods-RxLocationTests.debug.xcconfig */ = {isa = PBXFileReference; includeInIndex = 1; lastKnownFileType = text.xcconfig; name = "Pods-RxLocationTests.debug.xcconfig"; path = "Pods/Target Support Files/Pods-RxLocationTests/Pods-RxLocationTests.debug.xcconfig"; sourceTree = "<group>"; };
		DB44CB35553F979407E5EA91 /* Pods_RxLocationTests.framework */ = {isa = PBXFileReference; explicitFileType = wrapper.framework; includeInIndex = 0; path = Pods_RxLocationTests.framework; sourceTree = BUILT_PRODUCTS_DIR; };
		EB0BEFE06DED85649AD47656 /* Pods-RxLocationTests.release.xcconfig */ = {isa = PBXFileReference; includeInIndex = 1; lastKnownFileType = text.xcconfig; name = "Pods-RxLocationTests.release.xcconfig"; path = "Pods/Target Support Files/Pods-RxLocationTests/Pods-RxLocationTests.release.xcconfig"; sourceTree = "<group>"; };
/* End PBXFileReference section */

/* Begin PBXFrameworksBuildPhase section */
		772F653E1FA9ABCF00657695 /* Frameworks */ = {
			isa = PBXFrameworksBuildPhase;
			buildActionMask = 2147483647;
			files = (
				9230720BCBA5DEF3F6ABB05C /* Pods_RxLocation.framework in Frameworks */,
			);
			runOnlyForDeploymentPostprocessing = 0;
		};
		772F65521FA9ABCF00657695 /* Frameworks */ = {
			isa = PBXFrameworksBuildPhase;
			buildActionMask = 2147483647;
			files = (
				702C5237B325836459BB79A6 /* Pods_RxLocationTests.framework in Frameworks */,
				1050D725B090004D2EAB3D7D /* Pods_RxLocation_RxLocationTests.framework in Frameworks */,
			);
			runOnlyForDeploymentPostprocessing = 0;
		};
/* End PBXFrameworksBuildPhase section */

/* Begin PBXGroup section */
		69DAAF8729138949AD257F6D /* Frameworks */ = {
			isa = PBXGroup;
			children = (
				B1B4D32FDC90085DFA013961 /* Pods_RxLocation.framework */,
				DB44CB35553F979407E5EA91 /* Pods_RxLocationTests.framework */,
				B1D0CDE7CF08A552569B9FF6 /* Pods_RxLocation_RxLocationTests.framework */,
			);
			name = Frameworks;
			sourceTree = "<group>";
		};
		771553CB1FA9CED300459045 /* Resources */ = {
			isa = PBXGroup;
			children = (
				772F654B1FA9ABCF00657695 /* Assets.xcassets */,
				772F654D1FA9ABCF00657695 /* LaunchScreen.storyboard */,
			);
			path = Resources;
			sourceTree = "<group>";
		};
		771553CF1FA9CF7D00459045 /* Support */ = {
			isa = PBXGroup;
			children = (
				772F65501FA9ABCF00657695 /* Info.plist */,
			);
			name = Support;
			sourceTree = "<group>";
		};
		771553D11FA9D1F400459045 /* Tracking */ = {
			isa = PBXGroup;
			children = (
				771553D41FA9D23A00459045 /* TrackingReactor.swift */,
				771553D21FA9D22600459045 /* TrackingViewController.swift */,
				7780D59B1FACA7B7000CE951 /* TrackingAssembly.swift */,
				771553D71FA9DB3800459045 /* Tracking.storyboard */,
			);
			path = Tracking;
			sourceTree = "<group>";
		};
		771553D61FA9D25F00459045 /* Models */ = {
			isa = PBXGroup;
			children = (
			);
			path = Models;
			sourceTree = "<group>";
		};
		771982311FAA24A400C1165E /* Vendor */ = {
			isa = PBXGroup;
			children = (
				771982321FAA24A400C1165E /* CLLocationManager */,
			);
			path = Vendor;
			sourceTree = "<group>";
		};
		771982321FAA24A400C1165E /* CLLocationManager */ = {
			isa = PBXGroup;
			children = (
				771982331FAA24A400C1165E /* CLLocationManager+Rx.swift */,
				771982341FAA24A400C1165E /* RxCLLocationManagerDelegateProxy.swift */,
			);
			path = CLLocationManager;
			sourceTree = "<group>";
		};
		771982371FAB082500C1165E /* Services */ = {
			isa = PBXGroup;
			children = (
				7780D5A11FACB5CB000CE951 /* IoC */,
				7719823E1FAB156E00C1165E /* Initializers */,
				771982381FAB088500C1165E /* Location */,
				77F38A0F1FB0AC2300A4068A /* Tracking */,
			);
			path = Services;
			sourceTree = "<group>";
		};
		771982381FAB088500C1165E /* Location */ = {
			isa = PBXGroup;
			children = (
				771982391FAB08BE00C1165E /* LocationService.swift */,
				7719823A1FAB08BE00C1165E /* LocationServiceProtocol.swift */,
			);
			path = Location;
			sourceTree = "<group>";
		};
		7719823E1FAB156E00C1165E /* Initializers */ = {
			isa = PBXGroup;
			children = (
				7719823F1FAB158100C1165E /* Initializer.swift */,
				771982411FAB159600C1165E /* LocationInitializer.swift */,
			);
			path = Initializers;
			sourceTree = "<group>";
		};
		772F65381FA9ABCF00657695 = {
			isa = PBXGroup;
			children = (
				772F65431FA9ABCF00657695 /* RxLocation */,
				772F65581FA9ABCF00657695 /* RxLocationTests */,
				772F65421FA9ABCF00657695 /* Products */,
				7AFC10E1F4E8700A2DCDA326 /* Pods */,
				69DAAF8729138949AD257F6D /* Frameworks */,
			);
			sourceTree = "<group>";
		};
		772F65421FA9ABCF00657695 /* Products */ = {
			isa = PBXGroup;
			children = (
				772F65411FA9ABCF00657695 /* RxLocation.app */,
				772F65551FA9ABCF00657695 /* RxLocationTests.xctest */,
			);
			name = Products;
			sourceTree = "<group>";
		};
		772F65431FA9ABCF00657695 /* RxLocation */ = {
			isa = PBXGroup;
			children = (
				771982371FAB082500C1165E /* Services */,
				77AE8A381FA9FEBD00BB51B6 /* Extensions */,
				771553D61FA9D25F00459045 /* Models */,
				771553D11FA9D1F400459045 /* Tracking */,
				771553CF1FA9CF7D00459045 /* Support */,
				771553CB1FA9CED300459045 /* Resources */,
				771982311FAA24A400C1165E /* Vendor */,
				772F65441FA9ABCF00657695 /* AppDelegate.swift */,
				771553CD1FA9CF0900459045 /* main.swift */,
			);
			path = RxLocation;
			sourceTree = "<group>";
		};
		772F65581FA9ABCF00657695 /* RxLocationTests */ = {
			isa = PBXGroup;
			children = (
				7780D5AD1FACC3C9000CE951 /* Mocks */,
				77F38A141FB0AD6300A4068A /* Services */,
				7780D5A81FACC23A000CE951 /* TrackingTests */,
				772F655B1FA9ABCF00657695 /* Info.plist */,
			);
			path = RxLocationTests;
			sourceTree = "<group>";
		};
		7780D5A11FACB5CB000CE951 /* IoC */ = {
			isa = PBXGroup;
			children = (
				7780D5A21FACB5CB000CE951 /* Injector.swift */,
				7780D5A41FACB5CB000CE951 /* SwinjectStoryboardExtension.swift */,
				7780D5A31FACB5CB000CE951 /* ServiceAssembly.swift */,
			);
			path = IoC;
			sourceTree = "<group>";
		};
		7780D5A81FACC23A000CE951 /* TrackingTests */ = {
			isa = PBXGroup;
			children = (
				7780D5AB1FACC279000CE951 /* TrackingReactorTests.swift */,
			);
			path = TrackingTests;
			sourceTree = "<group>";
		};
		7780D5AD1FACC3C9000CE951 /* Mocks */ = {
			isa = PBXGroup;
			children = (
				7780D5AE1FACC3E4000CE951 /* MockLocationService.swift */,
				77EE6C1B1FB1B73300D80AFD /* MockTrackingService.swift */,
			);
			path = Mocks;
			sourceTree = "<group>";
		};
		77AE8A381FA9FEBD00BB51B6 /* Extensions */ = {
			isa = PBXGroup;
			children = (
				77AE8A391FA9FEFB00BB51B6 /* UIView+Rx.swift */,
				771982431FAB189B00C1165E /* UILabel+Rx.swift */,
			);
			path = Extensions;
			sourceTree = "<group>";
		};
		77F38A0F1FB0AC2300A4068A /* Tracking */ = {
			isa = PBXGroup;
			children = (
				77F38A101FB0AC6C00A4068A /* TrackingAlgorithm.swift */,
				77F38A121FB0AD3700A4068A /* TrackingService.swift */,
			);
			path = Tracking;
			sourceTree = "<group>";
		};
		77F38A141FB0AD6300A4068A /* Services */ = {
			isa = PBXGroup;
			children = (
				77F38A151FB0AD7000A4068A /* Tracking */,
			);
			path = Services;
			sourceTree = "<group>";
		};
		77F38A151FB0AD7000A4068A /* Tracking */ = {
			isa = PBXGroup;
			children = (
				77E0089A1FB4A94A00DF3571 /* TrackingViewControllerTests.swift */,
				77F38A161FB0AD8D00A4068A /* TrackingServiceTests.swift */,
			);
			path = Tracking;
			sourceTree = "<group>";
		};
		7AFC10E1F4E8700A2DCDA326 /* Pods */ = {
			isa = PBXGroup;
			children = (
				C11B282D8B4725173774F364 /* Pods-RxLocation.debug.xcconfig */,
				588FBA81307C28CE99132A47 /* Pods-RxLocation.release.xcconfig */,
				D823921A97528A74FB53D76F /* Pods-RxLocationTests.debug.xcconfig */,
				EB0BEFE06DED85649AD47656 /* Pods-RxLocationTests.release.xcconfig */,
				143751E752CE39C4760572E4 /* Pods-RxLocation-RxLocationTests.debug.xcconfig */,
				6B1DE4107B4AE3C93422E8A7 /* Pods-RxLocation-RxLocationTests.release.xcconfig */,
			);
			name = Pods;
			sourceTree = "<group>";
		};
/* End PBXGroup section */

/* Begin PBXNativeTarget section */
		772F65401FA9ABCF00657695 /* RxLocation */ = {
			isa = PBXNativeTarget;
			buildConfigurationList = 772F655E1FA9ABCF00657695 /* Build configuration list for PBXNativeTarget "RxLocation" */;
			buildPhases = (
				DFCB2B0CD4D4DFD442A7DE5D /* [CP] Check Pods Manifest.lock */,
				772F653D1FA9ABCF00657695 /* Sources */,
				772F653E1FA9ABCF00657695 /* Frameworks */,
				772F653F1FA9ABCF00657695 /* Resources */,
				C8EDDBFB0EFED9606EC7C3FD /* [CP] Embed Pods Frameworks */,
				9B35D4AC253467369680FEAC /* [CP] Copy Pods Resources */,
			);
			buildRules = (
			);
			dependencies = (
			);
			name = RxLocation;
			productName = RxLocation;
			productReference = 772F65411FA9ABCF00657695 /* RxLocation.app */;
			productType = "com.apple.product-type.application";
		};
		772F65541FA9ABCF00657695 /* RxLocationTests */ = {
			isa = PBXNativeTarget;
			buildConfigurationList = 772F65611FA9ABCF00657695 /* Build configuration list for PBXNativeTarget "RxLocationTests" */;
			buildPhases = (
				35C5590B8CD22B99EFBC952C /* [CP] Check Pods Manifest.lock */,
				772F65511FA9ABCF00657695 /* Sources */,
				772F65521FA9ABCF00657695 /* Frameworks */,
				772F65531FA9ABCF00657695 /* Resources */,
				8CCA9E7E4075C459C42AE5AE /* [CP] Embed Pods Frameworks */,
				341C02E6A73376FA5F840672 /* [CP] Copy Pods Resources */,
			);
			buildRules = (
			);
			dependencies = (
				772F65571FA9ABCF00657695 /* PBXTargetDependency */,
			);
			name = RxLocationTests;
			productName = RxLocationTests;
			productReference = 772F65551FA9ABCF00657695 /* RxLocationTests.xctest */;
			productType = "com.apple.product-type.bundle.unit-test";
		};
/* End PBXNativeTarget section */

/* Begin PBXProject section */
		772F65391FA9ABCF00657695 /* Project object */ = {
			isa = PBXProject;
			attributes = {
				LastSwiftUpdateCheck = 0900;
				LastUpgradeCheck = 0900;
				ORGANIZATIONNAME = "Vadim Inc.";
				TargetAttributes = {
					772F65401FA9ABCF00657695 = {
						CreatedOnToolsVersion = 9.0;
						ProvisioningStyle = Automatic;
						SystemCapabilities = {
							com.apple.BackgroundModes = {
								enabled = 1;
							};
						};
					};
					772F65541FA9ABCF00657695 = {
						CreatedOnToolsVersion = 9.0;
						LastSwiftMigration = 0900;
						ProvisioningStyle = Automatic;
						TestTargetID = 772F65401FA9ABCF00657695;
					};
				};
			};
			buildConfigurationList = 772F653C1FA9ABCF00657695 /* Build configuration list for PBXProject "RxLocation" */;
			compatibilityVersion = "Xcode 8.0";
			developmentRegion = en;
			hasScannedForEncodings = 0;
			knownRegions = (
				en,
				Base,
			);
			mainGroup = 772F65381FA9ABCF00657695;
			productRefGroup = 772F65421FA9ABCF00657695 /* Products */;
			projectDirPath = "";
			projectRoot = "";
			targets = (
				772F65401FA9ABCF00657695 /* RxLocation */,
				772F65541FA9ABCF00657695 /* RxLocationTests */,
			);
		};
/* End PBXProject section */

/* Begin PBXResourcesBuildPhase section */
		772F653F1FA9ABCF00657695 /* Resources */ = {
			isa = PBXResourcesBuildPhase;
			buildActionMask = 2147483647;
			files = (
				771553D81FA9DB3800459045 /* Tracking.storyboard in Resources */,
				772F654F1FA9ABCF00657695 /* LaunchScreen.storyboard in Resources */,
				772F654C1FA9ABCF00657695 /* Assets.xcassets in Resources */,
			);
			runOnlyForDeploymentPostprocessing = 0;
		};
		772F65531FA9ABCF00657695 /* Resources */ = {
			isa = PBXResourcesBuildPhase;
			buildActionMask = 2147483647;
			files = (
			);
			runOnlyForDeploymentPostprocessing = 0;
		};
/* End PBXResourcesBuildPhase section */

/* Begin PBXShellScriptBuildPhase section */
		341C02E6A73376FA5F840672 /* [CP] Copy Pods Resources */ = {
			isa = PBXShellScriptBuildPhase;
			buildActionMask = 2147483647;
			files = (
			);
			inputPaths = (
			);
			name = "[CP] Copy Pods Resources";
			outputPaths = (
			);
			runOnlyForDeploymentPostprocessing = 0;
			shellPath = /bin/sh;
			shellScript = "\"${SRCROOT}/Pods/Target Support Files/Pods-RxLocation-RxLocationTests/Pods-RxLocation-RxLocationTests-resources.sh\"\n";
			showEnvVarsInLog = 0;
		};
		35C5590B8CD22B99EFBC952C /* [CP] Check Pods Manifest.lock */ = {
			isa = PBXShellScriptBuildPhase;
			buildActionMask = 2147483647;
			files = (
			);
			inputPaths = (
				"${PODS_PODFILE_DIR_PATH}/Podfile.lock",
				"${PODS_ROOT}/Manifest.lock",
			);
			name = "[CP] Check Pods Manifest.lock";
			outputPaths = (
				"$(DERIVED_FILE_DIR)/Pods-RxLocation-RxLocationTests-checkManifestLockResult.txt",
			);
			runOnlyForDeploymentPostprocessing = 0;
			shellPath = /bin/sh;
			shellScript = "diff \"${PODS_PODFILE_DIR_PATH}/Podfile.lock\" \"${PODS_ROOT}/Manifest.lock\" > /dev/null\nif [ $? != 0 ] ; then\n    # print error to STDERR\n    echo \"error: The sandbox is not in sync with the Podfile.lock. Run 'pod install' or update your CocoaPods installation.\" >&2\n    exit 1\nfi\n# This output is used by Xcode 'outputs' to avoid re-running this script phase.\necho \"SUCCESS\" > \"${SCRIPT_OUTPUT_FILE_0}\"\n";
			showEnvVarsInLog = 0;
		};
		8CCA9E7E4075C459C42AE5AE /* [CP] Embed Pods Frameworks */ = {
			isa = PBXShellScriptBuildPhase;
			buildActionMask = 2147483647;
			files = (
			);
			inputPaths = (
				"${SRCROOT}/Pods/Target Support Files/Pods-RxLocation-RxLocationTests/Pods-RxLocation-RxLocationTests-frameworks.sh",
				"${BUILT_PRODUCTS_DIR}/ReactorKit/ReactorKit.framework",
				"${BUILT_PRODUCTS_DIR}/RxCocoa/RxCocoa.framework",
				"${BUILT_PRODUCTS_DIR}/RxOptional/RxOptional.framework",
				"${BUILT_PRODUCTS_DIR}/RxSwift/RxSwift.framework",
				"${BUILT_PRODUCTS_DIR}/Swinject/Swinject.framework",
				"${BUILT_PRODUCTS_DIR}/SwinjectAutoregistration/SwinjectAutoregistration.framework",
				"${BUILT_PRODUCTS_DIR}/SwinjectStoryboard/SwinjectStoryboard.framework",
				"${BUILT_PRODUCTS_DIR}/RxTest/RxTest.framework",
			);
			name = "[CP] Embed Pods Frameworks";
			outputPaths = (
				"${TARGET_BUILD_DIR}/${FRAMEWORKS_FOLDER_PATH}/ReactorKit.framework",
				"${TARGET_BUILD_DIR}/${FRAMEWORKS_FOLDER_PATH}/RxCocoa.framework",
				"${TARGET_BUILD_DIR}/${FRAMEWORKS_FOLDER_PATH}/RxOptional.framework",
				"${TARGET_BUILD_DIR}/${FRAMEWORKS_FOLDER_PATH}/RxSwift.framework",
				"${TARGET_BUILD_DIR}/${FRAMEWORKS_FOLDER_PATH}/Swinject.framework",
				"${TARGET_BUILD_DIR}/${FRAMEWORKS_FOLDER_PATH}/SwinjectAutoregistration.framework",
				"${TARGET_BUILD_DIR}/${FRAMEWORKS_FOLDER_PATH}/SwinjectStoryboard.framework",
				"${TARGET_BUILD_DIR}/${FRAMEWORKS_FOLDER_PATH}/RxTest.framework",
			);
			runOnlyForDeploymentPostprocessing = 0;
			shellPath = /bin/sh;
			shellScript = "\"${SRCROOT}/Pods/Target Support Files/Pods-RxLocation-RxLocationTests/Pods-RxLocation-RxLocationTests-frameworks.sh\"\n";
			showEnvVarsInLog = 0;
		};
		9B35D4AC253467369680FEAC /* [CP] Copy Pods Resources */ = {
			isa = PBXShellScriptBuildPhase;
			buildActionMask = 2147483647;
			files = (
			);
			inputPaths = (
			);
			name = "[CP] Copy Pods Resources";
			outputPaths = (
			);
			runOnlyForDeploymentPostprocessing = 0;
			shellPath = /bin/sh;
			shellScript = "\"${SRCROOT}/Pods/Target Support Files/Pods-RxLocation/Pods-RxLocation-resources.sh\"\n";
			showEnvVarsInLog = 0;
		};
		C8EDDBFB0EFED9606EC7C3FD /* [CP] Embed Pods Frameworks */ = {
			isa = PBXShellScriptBuildPhase;
			buildActionMask = 2147483647;
			files = (
			);
			inputPaths = (
				"${SRCROOT}/Pods/Target Support Files/Pods-RxLocation/Pods-RxLocation-frameworks.sh",
				"${BUILT_PRODUCTS_DIR}/ReactorKit/ReactorKit.framework",
				"${BUILT_PRODUCTS_DIR}/RxCocoa/RxCocoa.framework",
				"${BUILT_PRODUCTS_DIR}/RxOptional/RxOptional.framework",
				"${BUILT_PRODUCTS_DIR}/RxSwift/RxSwift.framework",
				"${BUILT_PRODUCTS_DIR}/Swinject/Swinject.framework",
				"${BUILT_PRODUCTS_DIR}/SwinjectAutoregistration/SwinjectAutoregistration.framework",
				"${BUILT_PRODUCTS_DIR}/SwinjectStoryboard/SwinjectStoryboard.framework",
			);
			name = "[CP] Embed Pods Frameworks";
			outputPaths = (
				"${TARGET_BUILD_DIR}/${FRAMEWORKS_FOLDER_PATH}/ReactorKit.framework",
				"${TARGET_BUILD_DIR}/${FRAMEWORKS_FOLDER_PATH}/RxCocoa.framework",
				"${TARGET_BUILD_DIR}/${FRAMEWORKS_FOLDER_PATH}/RxOptional.framework",
				"${TARGET_BUILD_DIR}/${FRAMEWORKS_FOLDER_PATH}/RxSwift.framework",
				"${TARGET_BUILD_DIR}/${FRAMEWORKS_FOLDER_PATH}/Swinject.framework",
				"${TARGET_BUILD_DIR}/${FRAMEWORKS_FOLDER_PATH}/SwinjectAutoregistration.framework",
				"${TARGET_BUILD_DIR}/${FRAMEWORKS_FOLDER_PATH}/SwinjectStoryboard.framework",
			);
			runOnlyForDeploymentPostprocessing = 0;
			shellPath = /bin/sh;
			shellScript = "\"${SRCROOT}/Pods/Target Support Files/Pods-RxLocation/Pods-RxLocation-frameworks.sh\"\n";
			showEnvVarsInLog = 0;
		};
		DFCB2B0CD4D4DFD442A7DE5D /* [CP] Check Pods Manifest.lock */ = {
			isa = PBXShellScriptBuildPhase;
			buildActionMask = 2147483647;
			files = (
			);
			inputPaths = (
				"${PODS_PODFILE_DIR_PATH}/Podfile.lock",
				"${PODS_ROOT}/Manifest.lock",
			);
			name = "[CP] Check Pods Manifest.lock";
			outputPaths = (
				"$(DERIVED_FILE_DIR)/Pods-RxLocation-checkManifestLockResult.txt",
			);
			runOnlyForDeploymentPostprocessing = 0;
			shellPath = /bin/sh;
			shellScript = "diff \"${PODS_PODFILE_DIR_PATH}/Podfile.lock\" \"${PODS_ROOT}/Manifest.lock\" > /dev/null\nif [ $? != 0 ] ; then\n    # print error to STDERR\n    echo \"error: The sandbox is not in sync with the Podfile.lock. Run 'pod install' or update your CocoaPods installation.\" >&2\n    exit 1\nfi\n# This output is used by Xcode 'outputs' to avoid re-running this script phase.\necho \"SUCCESS\" > \"${SCRIPT_OUTPUT_FILE_0}\"\n";
			showEnvVarsInLog = 0;
		};
/* End PBXShellScriptBuildPhase section */

/* Begin PBXSourcesBuildPhase section */
		772F653D1FA9ABCF00657695 /* Sources */ = {
			isa = PBXSourcesBuildPhase;
			buildActionMask = 2147483647;
			files = (
				7780D5A61FACB5CB000CE951 /* ServiceAssembly.swift in Sources */,
				771553D31FA9D22600459045 /* TrackingViewController.swift in Sources */,
				7719823C1FAB08BE00C1165E /* LocationServiceProtocol.swift in Sources */,
				771553CE1FA9CF0900459045 /* main.swift in Sources */,
				77F38A131FB0AD3700A4068A /* TrackingService.swift in Sources */,
				7719823B1FAB08BE00C1165E /* LocationService.swift in Sources */,
				7780D59C1FACA7B7000CE951 /* TrackingAssembly.swift in Sources */,
				7780D5A51FACB5CB000CE951 /* Injector.swift in Sources */,
				771982401FAB158100C1165E /* Initializer.swift in Sources */,
				77F38A111FB0AC6C00A4068A /* TrackingAlgorithm.swift in Sources */,
				771982421FAB159600C1165E /* LocationInitializer.swift in Sources */,
				771982441FAB189B00C1165E /* UILabel+Rx.swift in Sources */,
				77AE8A3A1FA9FEFB00BB51B6 /* UIView+Rx.swift in Sources */,
				7780D5A71FACB5CB000CE951 /* SwinjectStoryboardExtension.swift in Sources */,
				771982351FAA24A400C1165E /* CLLocationManager+Rx.swift in Sources */,
				771982361FAA24A400C1165E /* RxCLLocationManagerDelegateProxy.swift in Sources */,
				772F65451FA9ABCF00657695 /* AppDelegate.swift in Sources */,
				771553D51FA9D23A00459045 /* TrackingReactor.swift in Sources */,
			);
			runOnlyForDeploymentPostprocessing = 0;
		};
		772F65511FA9ABCF00657695 /* Sources */ = {
			isa = PBXSourcesBuildPhase;
			buildActionMask = 2147483647;
			files = (
				7780D5AF1FACC3E4000CE951 /* MockLocationService.swift in Sources */,
				7780D5AC1FACC279000CE951 /* TrackingReactorTests.swift in Sources */,
				77E0089B1FB4A94A00DF3571 /* TrackingViewControllerTests.swift in Sources */,
				77EE6C1C1FB1B73300D80AFD /* MockTrackingService.swift in Sources */,
				77F38A171FB0AD8D00A4068A /* TrackingServiceTests.swift in Sources */,
			);
			runOnlyForDeploymentPostprocessing = 0;
		};
/* End PBXSourcesBuildPhase section */

/* Begin PBXTargetDependency section */
		772F65571FA9ABCF00657695 /* PBXTargetDependency */ = {
			isa = PBXTargetDependency;
			target = 772F65401FA9ABCF00657695 /* RxLocation */;
			targetProxy = 772F65561FA9ABCF00657695 /* PBXContainerItemProxy */;
		};
/* End PBXTargetDependency section */

/* Begin PBXVariantGroup section */
		772F654D1FA9ABCF00657695 /* LaunchScreen.storyboard */ = {
			isa = PBXVariantGroup;
			children = (
				772F654E1FA9ABCF00657695 /* Base */,
			);
			name = LaunchScreen.storyboard;
			sourceTree = "<group>";
		};
/* End PBXVariantGroup section */

/* Begin XCBuildConfiguration section */
		772F655C1FA9ABCF00657695 /* Debug */ = {
			isa = XCBuildConfiguration;
			buildSettings = {
				ALWAYS_SEARCH_USER_PATHS = NO;
				CLANG_ANALYZER_NONNULL = YES;
				CLANG_ANALYZER_NUMBER_OBJECT_CONVERSION = YES_AGGRESSIVE;
				CLANG_CXX_LANGUAGE_STANDARD = "gnu++14";
				CLANG_CXX_LIBRARY = "libc++";
				CLANG_ENABLE_MODULES = YES;
				CLANG_ENABLE_OBJC_ARC = YES;
				CLANG_WARN_BLOCK_CAPTURE_AUTORELEASING = YES;
				CLANG_WARN_BOOL_CONVERSION = YES;
				CLANG_WARN_COMMA = YES;
				CLANG_WARN_CONSTANT_CONVERSION = YES;
				CLANG_WARN_DIRECT_OBJC_ISA_USAGE = YES_ERROR;
				CLANG_WARN_DOCUMENTATION_COMMENTS = YES;
				CLANG_WARN_EMPTY_BODY = YES;
				CLANG_WARN_ENUM_CONVERSION = YES;
				CLANG_WARN_INFINITE_RECURSION = YES;
				CLANG_WARN_INT_CONVERSION = YES;
				CLANG_WARN_NON_LITERAL_NULL_CONVERSION = YES;
				CLANG_WARN_OBJC_LITERAL_CONVERSION = YES;
				CLANG_WARN_OBJC_ROOT_CLASS = YES_ERROR;
				CLANG_WARN_RANGE_LOOP_ANALYSIS = YES;
				CLANG_WARN_STRICT_PROTOTYPES = YES;
				CLANG_WARN_SUSPICIOUS_MOVE = YES;
				CLANG_WARN_UNGUARDED_AVAILABILITY = YES_AGGRESSIVE;
				CLANG_WARN_UNREACHABLE_CODE = YES;
				CLANG_WARN__DUPLICATE_METHOD_MATCH = YES;
				CODE_SIGN_IDENTITY = "iPhone Developer";
				COPY_PHASE_STRIP = NO;
				DEBUG_INFORMATION_FORMAT = dwarf;
				ENABLE_STRICT_OBJC_MSGSEND = YES;
				ENABLE_TESTABILITY = YES;
				GCC_C_LANGUAGE_STANDARD = gnu11;
				GCC_DYNAMIC_NO_PIC = NO;
				GCC_NO_COMMON_BLOCKS = YES;
				GCC_OPTIMIZATION_LEVEL = 0;
				GCC_PREPROCESSOR_DEFINITIONS = (
					"DEBUG=1",
					"$(inherited)",
				);
				GCC_WARN_64_TO_32_BIT_CONVERSION = YES;
				GCC_WARN_ABOUT_RETURN_TYPE = YES_ERROR;
				GCC_WARN_UNDECLARED_SELECTOR = YES;
				GCC_WARN_UNINITIALIZED_AUTOS = YES_AGGRESSIVE;
				GCC_WARN_UNUSED_FUNCTION = YES;
				GCC_WARN_UNUSED_VARIABLE = YES;
				IPHONEOS_DEPLOYMENT_TARGET = 11.0;
				MTL_ENABLE_DEBUG_INFO = YES;
				ONLY_ACTIVE_ARCH = YES;
				SDKROOT = iphoneos;
				SWIFT_ACTIVE_COMPILATION_CONDITIONS = DEBUG;
				SWIFT_OPTIMIZATION_LEVEL = "-Onone";
			};
			name = Debug;
		};
		772F655D1FA9ABCF00657695 /* Release */ = {
			isa = XCBuildConfiguration;
			buildSettings = {
				ALWAYS_SEARCH_USER_PATHS = NO;
				CLANG_ANALYZER_NONNULL = YES;
				CLANG_ANALYZER_NUMBER_OBJECT_CONVERSION = YES_AGGRESSIVE;
				CLANG_CXX_LANGUAGE_STANDARD = "gnu++14";
				CLANG_CXX_LIBRARY = "libc++";
				CLANG_ENABLE_MODULES = YES;
				CLANG_ENABLE_OBJC_ARC = YES;
				CLANG_WARN_BLOCK_CAPTURE_AUTORELEASING = YES;
				CLANG_WARN_BOOL_CONVERSION = YES;
				CLANG_WARN_COMMA = YES;
				CLANG_WARN_CONSTANT_CONVERSION = YES;
				CLANG_WARN_DIRECT_OBJC_ISA_USAGE = YES_ERROR;
				CLANG_WARN_DOCUMENTATION_COMMENTS = YES;
				CLANG_WARN_EMPTY_BODY = YES;
				CLANG_WARN_ENUM_CONVERSION = YES;
				CLANG_WARN_INFINITE_RECURSION = YES;
				CLANG_WARN_INT_CONVERSION = YES;
				CLANG_WARN_NON_LITERAL_NULL_CONVERSION = YES;
				CLANG_WARN_OBJC_LITERAL_CONVERSION = YES;
				CLANG_WARN_OBJC_ROOT_CLASS = YES_ERROR;
				CLANG_WARN_RANGE_LOOP_ANALYSIS = YES;
				CLANG_WARN_STRICT_PROTOTYPES = YES;
				CLANG_WARN_SUSPICIOUS_MOVE = YES;
				CLANG_WARN_UNGUARDED_AVAILABILITY = YES_AGGRESSIVE;
				CLANG_WARN_UNREACHABLE_CODE = YES;
				CLANG_WARN__DUPLICATE_METHOD_MATCH = YES;
				CODE_SIGN_IDENTITY = "iPhone Developer";
				COPY_PHASE_STRIP = NO;
				DEBUG_INFORMATION_FORMAT = "dwarf-with-dsym";
				ENABLE_NS_ASSERTIONS = NO;
				ENABLE_STRICT_OBJC_MSGSEND = YES;
				GCC_C_LANGUAGE_STANDARD = gnu11;
				GCC_NO_COMMON_BLOCKS = YES;
				GCC_WARN_64_TO_32_BIT_CONVERSION = YES;
				GCC_WARN_ABOUT_RETURN_TYPE = YES_ERROR;
				GCC_WARN_UNDECLARED_SELECTOR = YES;
				GCC_WARN_UNINITIALIZED_AUTOS = YES_AGGRESSIVE;
				GCC_WARN_UNUSED_FUNCTION = YES;
				GCC_WARN_UNUSED_VARIABLE = YES;
				IPHONEOS_DEPLOYMENT_TARGET = 11.0;
				MTL_ENABLE_DEBUG_INFO = NO;
				SDKROOT = iphoneos;
				SWIFT_OPTIMIZATION_LEVEL = "-Owholemodule";
				VALIDATE_PRODUCT = YES;
			};
			name = Release;
		};
		772F655F1FA9ABCF00657695 /* Debug */ = {
			isa = XCBuildConfiguration;
			baseConfigurationReference = C11B282D8B4725173774F364 /* Pods-RxLocation.debug.xcconfig */;
			buildSettings = {
				ASSETCATALOG_COMPILER_APPICON_NAME = AppIcon;
				CODE_SIGN_STYLE = Automatic;
				DEVELOPMENT_TEAM = MM4NKSSYPK;
				INFOPLIST_FILE = RxLocation/Info.plist;
				LD_RUNPATH_SEARCH_PATHS = "$(inherited) @executable_path/Frameworks";
				PRODUCT_BUNDLE_IDENTIFIER = com.vadiminc.RxLocation;
				PRODUCT_NAME = "$(TARGET_NAME)";
				SWIFT_VERSION = 4.0;
				TARGETED_DEVICE_FAMILY = "1,2";
			};
			name = Debug;
		};
		772F65601FA9ABCF00657695 /* Release */ = {
			isa = XCBuildConfiguration;
			baseConfigurationReference = 588FBA81307C28CE99132A47 /* Pods-RxLocation.release.xcconfig */;
			buildSettings = {
				ASSETCATALOG_COMPILER_APPICON_NAME = AppIcon;
				CODE_SIGN_STYLE = Automatic;
				DEVELOPMENT_TEAM = MM4NKSSYPK;
				INFOPLIST_FILE = RxLocation/Info.plist;
				LD_RUNPATH_SEARCH_PATHS = "$(inherited) @executable_path/Frameworks";
				PRODUCT_BUNDLE_IDENTIFIER = com.vadiminc.RxLocation;
				PRODUCT_NAME = "$(TARGET_NAME)";
				SWIFT_VERSION = 4.0;
				TARGETED_DEVICE_FAMILY = "1,2";
			};
			name = Release;
		};
		772F65621FA9ABCF00657695 /* Debug */ = {
			isa = XCBuildConfiguration;
			baseConfigurationReference = 143751E752CE39C4760572E4 /* Pods-RxLocation-RxLocationTests.debug.xcconfig */;
			buildSettings = {
				ALWAYS_EMBED_SWIFT_STANDARD_LIBRARIES = YES;
				BUNDLE_LOADER = "$(TEST_HOST)";
				CLANG_ENABLE_MODULES = YES;
				CODE_SIGN_STYLE = Automatic;
				DEVELOPMENT_TEAM = MM4NKSSYPK;
				INFOPLIST_FILE = RxLocationTests/Info.plist;
				LD_RUNPATH_SEARCH_PATHS = "$(inherited) @executable_path/Frameworks @loader_path/Frameworks";
				PRODUCT_BUNDLE_IDENTIFIER = com.vadiminc.RxLocationTests;
				PRODUCT_NAME = "$(TARGET_NAME)";
				SWIFT_OPTIMIZATION_LEVEL = "-Onone";
				SWIFT_VERSION = 4.0;
				TARGETED_DEVICE_FAMILY = "1,2";
				TEST_HOST = "$(BUILT_PRODUCTS_DIR)/RxLocation.app/RxLocation";
			};
			name = Debug;
		};
		772F65631FA9ABCF00657695 /* Release */ = {
			isa = XCBuildConfiguration;
			baseConfigurationReference = 6B1DE4107B4AE3C93422E8A7 /* Pods-RxLocation-RxLocationTests.release.xcconfig */;
			buildSettings = {
				ALWAYS_EMBED_SWIFT_STANDARD_LIBRARIES = YES;
				BUNDLE_LOADER = "$(TEST_HOST)";
				CLANG_ENABLE_MODULES = YES;
				CODE_SIGN_STYLE = Automatic;
				DEVELOPMENT_TEAM = MM4NKSSYPK;
				INFOPLIST_FILE = RxLocationTests/Info.plist;
				LD_RUNPATH_SEARCH_PATHS = "$(inherited) @executable_path/Frameworks @loader_path/Frameworks";
				PRODUCT_BUNDLE_IDENTIFIER = com.vadiminc.RxLocationTests;
				PRODUCT_NAME = "$(TARGET_NAME)";
				SWIFT_VERSION = 4.0;
				TARGETED_DEVICE_FAMILY = "1,2";
				TEST_HOST = "$(BUILT_PRODUCTS_DIR)/RxLocation.app/RxLocation";
			};
			name = Release;
		};
/* End XCBuildConfiguration section */

/* Begin XCConfigurationList section */
		772F653C1FA9ABCF00657695 /* Build configuration list for PBXProject "RxLocation" */ = {
			isa = XCConfigurationList;
			buildConfigurations = (
				772F655C1FA9ABCF00657695 /* Debug */,
				772F655D1FA9ABCF00657695 /* Release */,
			);
			defaultConfigurationIsVisible = 0;
			defaultConfigurationName = Release;
		};
		772F655E1FA9ABCF00657695 /* Build configuration list for PBXNativeTarget "RxLocation" */ = {
			isa = XCConfigurationList;
			buildConfigurations = (
				772F655F1FA9ABCF00657695 /* Debug */,
				772F65601FA9ABCF00657695 /* Release */,
			);
			defaultConfigurationIsVisible = 0;
			defaultConfigurationName = Release;
		};
		772F65611FA9ABCF00657695 /* Build configuration list for PBXNativeTarget "RxLocationTests" */ = {
			isa = XCConfigurationList;
			buildConfigurations = (
				772F65621FA9ABCF00657695 /* Debug */,
				772F65631FA9ABCF00657695 /* Release */,
			);
			defaultConfigurationIsVisible = 0;
			defaultConfigurationName = Release;
		};
/* End XCConfigurationList section */
	};
	rootObject = 772F65391FA9ABCF00657695 /* Project object */;
}
